
Microsoft Visual Studio Solution File, Format Version 12.00
# Visual Studio Version 17
VisualStudioVersion = 17.5.002.0
MinimumVisualStudioVersion = 10.0.40219.1
Project("{2150E333-8FDC-42A3-9474-1A3956D46DE8}") = "sandbox", "sandbox", "{C357062C-6F68-483F-99B5-A549C01E1E3F}"
EndProject
Project("{9A19103F-16F7-4668-BE54-9A1E7A4F7556}") = "sandbox_project", "sandbox\sandbox_project\sandbox_project.csproj", "{A706CF29-7A1F-4CD4-B42D-FD13E43AF8FC}"
EndProject
Project("{2150E333-8FDC-42A3-9474-1A3956D46DE8}") = "week01", "week01", "{F542BC93-DCCB-4CF0-8F9C-A2843055E012}"
EndProject
Project("{9A19103F-16F7-4668-BE54-9A1E7A4F7556}") = "analyze", "week01\analyze\analyze.csproj", "{9A760BFA-952F-4901-B31F-61E206316B38}"
EndProject
Project("{9A19103F-16F7-4668-BE54-9A1E7A4F7556}") = "code", "week01\code\code.csproj", "{A56CEDCD-184E-4DF3-8E87-24CF32D750B4}"
EndProject
Project("{9A19103F-16F7-4668-BE54-9A1E7A4F7556}") = "teach", "week01\teach\teach.csproj", "{9BC75359-F494-40C8-8A0D-ECBEFAD7B693}"
EndProject
Project("{2150E333-8FDC-42A3-9474-1A3956D46DE8}") = "week02", "week02", "{B5AAF9C8-EA03-45B9-BBEE-B77E73107BD8}"
EndProject
Project("{9A19103F-16F7-4668-BE54-9A1E7A4F7556}") = "analyze", "week02\analyze\analyze.csproj", "{C32C5DC1-854D-4E3A-80E5-2EC6E99CCFB7}"
EndProject
Project("{9A19103F-16F7-4668-BE54-9A1E7A4F7556}") = "code", "week02\code\code.csproj", "{DBF8664D-F650-4B04-BF4D-5308130E7599}"
EndProject
Project("{9A19103F-16F7-4668-BE54-9A1E7A4F7556}") = "learn", "week02\learn\learn.csproj", "{88063FC5-0AC7-412B-94E8-E8050456064D}"
EndProject
Project("{9A19103F-16F7-4668-BE54-9A1E7A4F7556}") = "teach", "week02\teach\teach.csproj", "{A02576BB-74F3-44DE-A79F-ED475431C05F}"
EndProject
Project("{2150E333-8FDC-42A3-9474-1A3956D46DE8}") = "week03", "week03", "{E6EA72F1-AD16-4600-8C0C-D11B4B5C834B}"
EndProject
Project("{9A19103F-16F7-4668-BE54-9A1E7A4F7556}") = "code", "week03\code\code.csproj", "{9CCF7787-9D98-4A7F-B7DA-08E805306FB3}"
EndProject
Project("{9A19103F-16F7-4668-BE54-9A1E7A4F7556}") = "learn", "week03\learn\learn.csproj", "{A8BD3F41-A5DF-4CBD-BF4B-CD5DC3CC430D}"
EndProject
Project("{9A19103F-16F7-4668-BE54-9A1E7A4F7556}") = "teach", "week03\teach\teach.csproj", "{C4AAEC55-BD60-4890-B899-1EBA55D06156}"
EndProject
Project("{2150E333-8FDC-42A3-9474-1A3956D46DE8}") = "week04", "week04", "{BE2B593D-E863-4E25-9A69-116698C4E575}"
EndProject
Project("{9A19103F-16F7-4668-BE54-9A1E7A4F7556}") = "code", "week04\code\code.csproj", "{614986A2-D7E8-4FAD-930C-B0E50258DA5E}"
EndProject
Project("{2150E333-8FDC-42A3-9474-1A3956D46DE8}") = "week05", "week05", "{3D30E1D7-337D-45BE-802B-845B320356EE}"
EndProject
Project("{9A19103F-16F7-4668-BE54-9A1E7A4F7556}") = "code", "week05\code\code.csproj", "{A4EB5431-6E44-4314-9541-61057DFDD778}"
EndProject
Project("{2150E333-8FDC-42A3-9474-1A3956D46DE8}") = "week06", "week06", "{7C81E1B9-4BBF-4B26-AB24-65948B139B0B}"
EndProject
Project("{9A19103F-16F7-4668-BE54-9A1E7A4F7556}") = "code", "week06\code\code.csproj", "{597892F9-CFDB-46C6-9153-A7C6D9B5E980}"
EndProject
Global
	GlobalSection(SolutionConfigurationPlatforms) = preSolution
		Debug|Any CPU = Debug|Any CPU
		Release|Any CPU = Release|Any CPU
	EndGlobalSection
	GlobalSection(ProjectConfigurationPlatforms) = postSolution
		{A706CF29-7A1F-4CD4-B42D-FD13E43AF8FC}.Debug|Any CPU.ActiveCfg = Debug|Any CPU
		{A706CF29-7A1F-4CD4-B42D-FD13E43AF8FC}.Debug|Any CPU.Build.0 = Debug|Any CPU
		{A706CF29-7A1F-4CD4-B42D-FD13E43AF8FC}.Release|Any CPU.ActiveCfg = Release|Any CPU
		{A706CF29-7A1F-4CD4-B42D-FD13E43AF8FC}.Release|Any CPU.Build.0 = Release|Any CPU
		{9A760BFA-952F-4901-B31F-61E206316B38}.Debug|Any CPU.ActiveCfg = Debug|Any CPU
		{9A760BFA-952F-4901-B31F-61E206316B38}.Debug|Any CPU.Build.0 = Debug|Any CPU
		{9A760BFA-952F-4901-B31F-61E206316B38}.Release|Any CPU.ActiveCfg = Release|Any CPU
		{9A760BFA-952F-4901-B31F-61E206316B38}.Release|Any CPU.Build.0 = Release|Any CPU
		{A56CEDCD-184E-4DF3-8E87-24CF32D750B4}.Debug|Any CPU.ActiveCfg = Debug|Any CPU
		{A56CEDCD-184E-4DF3-8E87-24CF32D750B4}.Debug|Any CPU.Build.0 = Debug|Any CPU
		{A56CEDCD-184E-4DF3-8E87-24CF32D750B4}.Release|Any CPU.ActiveCfg = Release|Any CPU
		{A56CEDCD-184E-4DF3-8E87-24CF32D750B4}.Release|Any CPU.Build.0 = Release|Any CPU
		{9BC75359-F494-40C8-8A0D-ECBEFAD7B693}.Debug|Any CPU.ActiveCfg = Debug|Any CPU
		{9BC75359-F494-40C8-8A0D-ECBEFAD7B693}.Debug|Any CPU.Build.0 = Debug|Any CPU
		{9BC75359-F494-40C8-8A0D-ECBEFAD7B693}.Release|Any CPU.ActiveCfg = Release|Any CPU
		{9BC75359-F494-40C8-8A0D-ECBEFAD7B693}.Release|Any CPU.Build.0 = Release|Any CPU
		{C32C5DC1-854D-4E3A-80E5-2EC6E99CCFB7}.Debug|Any CPU.ActiveCfg = Debug|Any CPU
		{C32C5DC1-854D-4E3A-80E5-2EC6E99CCFB7}.Debug|Any CPU.Build.0 = Debug|Any CPU
		{C32C5DC1-854D-4E3A-80E5-2EC6E99CCFB7}.Release|Any CPU.ActiveCfg = Release|Any CPU
		{C32C5DC1-854D-4E3A-80E5-2EC6E99CCFB7}.Release|Any CPU.Build.0 = Release|Any CPU
		{DBF8664D-F650-4B04-BF4D-5308130E7599}.Debug|Any CPU.ActiveCfg = Debug|Any CPU
		{DBF8664D-F650-4B04-BF4D-5308130E7599}.Debug|Any CPU.Build.0 = Debug|Any CPU
		{DBF8664D-F650-4B04-BF4D-5308130E7599}.Release|Any CPU.ActiveCfg = Release|Any CPU
		{DBF8664D-F650-4B04-BF4D-5308130E7599}.Release|Any CPU.Build.0 = Release|Any CPU
		{88063FC5-0AC7-412B-94E8-E8050456064D}.Debug|Any CPU.ActiveCfg = Debug|Any CPU
		{88063FC5-0AC7-412B-94E8-E8050456064D}.Debug|Any CPU.Build.0 = Debug|Any CPU
		{88063FC5-0AC7-412B-94E8-E8050456064D}.Release|Any CPU.ActiveCfg = Release|Any CPU
		{88063FC5-0AC7-412B-94E8-E8050456064D}.Release|Any CPU.Build.0 = Release|Any CPU
		{A02576BB-74F3-44DE-A79F-ED475431C05F}.Debug|Any CPU.ActiveCfg = Debug|Any CPU
		{A02576BB-74F3-44DE-A79F-ED475431C05F}.Debug|Any CPU.Build.0 = Debug|Any CPU
		{A02576BB-74F3-44DE-A79F-ED475431C05F}.Release|Any CPU.ActiveCfg = Release|Any CPU
		{A02576BB-74F3-44DE-A79F-ED475431C05F}.Release|Any CPU.Build.0 = Release|Any CPU
		{9CCF7787-9D98-4A7F-B7DA-08E805306FB3}.Debug|Any CPU.ActiveCfg = Debug|Any CPU
		{9CCF7787-9D98-4A7F-B7DA-08E805306FB3}.Debug|Any CPU.Build.0 = Debug|Any CPU
		{9CCF7787-9D98-4A7F-B7DA-08E805306FB3}.Release|Any CPU.ActiveCfg = Release|Any CPU
		{9CCF7787-9D98-4A7F-B7DA-08E805306FB3}.Release|Any CPU.Build.0 = Release|Any CPU
		{A8BD3F41-A5DF-4CBD-BF4B-CD5DC3CC430D}.Debug|Any CPU.ActiveCfg = Debug|Any CPU
		{A8BD3F41-A5DF-4CBD-BF4B-CD5DC3CC430D}.Debug|Any CPU.Build.0 = Debug|Any CPU
		{A8BD3F41-A5DF-4CBD-BF4B-CD5DC3CC430D}.Release|Any CPU.ActiveCfg = Release|Any CPU
		{A8BD3F41-A5DF-4CBD-BF4B-CD5DC3CC430D}.Release|Any CPU.Build.0 = Release|Any CPU
		{C4AAEC55-BD60-4890-B899-1EBA55D06156}.Debug|Any CPU.ActiveCfg = Debug|Any CPU
		{C4AAEC55-BD60-4890-B899-1EBA55D06156}.Debug|Any CPU.Build.0 = Debug|Any CPU
		{C4AAEC55-BD60-4890-B899-1EBA55D06156}.Release|Any CPU.ActiveCfg = Release|Any CPU
		{C4AAEC55-BD60-4890-B899-1EBA55D06156}.Release|Any CPU.Build.0 = Release|Any CPU
		{614986A2-D7E8-4FAD-930C-B0E50258DA5E}.Debug|Any CPU.ActiveCfg = Debug|Any CPU
		{614986A2-D7E8-4FAD-930C-B0E50258DA5E}.Debug|Any CPU.Build.0 = Debug|Any CPU
		{614986A2-D7E8-4FAD-930C-B0E50258DA5E}.Release|Any CPU.ActiveCfg = Release|Any CPU
		{614986A2-D7E8-4FAD-930C-B0E50258DA5E}.Release|Any CPU.Build.0 = Release|Any CPU
		{A4EB5431-6E44-4314-9541-61057DFDD778}.Debug|Any CPU.ActiveCfg = Debug|Any CPU
		{A4EB5431-6E44-4314-9541-61057DFDD778}.Debug|Any CPU.Build.0 = Debug|Any CPU
		{A4EB5431-6E44-4314-9541-61057DFDD778}.Release|Any CPU.ActiveCfg = Release|Any CPU
		{A4EB5431-6E44-4314-9541-61057DFDD778}.Release|Any CPU.Build.0 = Release|Any CPU
		{597892F9-CFDB-46C6-9153-A7C6D9B5E980}.Debug|Any CPU.ActiveCfg = Debug|Any CPU
		{597892F9-CFDB-46C6-9153-A7C6D9B5E980}.Debug|Any CPU.Build.0 = Debug|Any CPU
		{597892F9-CFDB-46C6-9153-A7C6D9B5E980}.Release|Any CPU.ActiveCfg = Release|Any CPU
		{597892F9-CFDB-46C6-9153-A7C6D9B5E980}.Release|Any CPU.Build.0 = Release|Any CPU
	EndGlobalSection
	GlobalSection(SolutionProperties) = preSolution
		HideSolutionNode = FALSE
	EndGlobalSection
	GlobalSection(NestedProjects) = preSolution
		{A706CF29-7A1F-4CD4-B42D-FD13E43AF8FC} = {C357062C-6F68-483F-99B5-A549C01E1E3F}
		{9A760BFA-952F-4901-B31F-61E206316B38} = {F542BC93-DCCB-4CF0-8F9C-A2843055E012}
		{A56CEDCD-184E-4DF3-8E87-24CF32D750B4} = {F542BC93-DCCB-4CF0-8F9C-A2843055E012}
		{9BC75359-F494-40C8-8A0D-ECBEFAD7B693} = {F542BC93-DCCB-4CF0-8F9C-A2843055E012}
		{C32C5DC1-854D-4E3A-80E5-2EC6E99CCFB7} = {B5AAF9C8-EA03-45B9-BBEE-B77E73107BD8}
		{DBF8664D-F650-4B04-BF4D-5308130E7599} = {B5AAF9C8-EA03-45B9-BBEE-B77E73107BD8}
		{88063FC5-0AC7-412B-94E8-E8050456064D} = {B5AAF9C8-EA03-45B9-BBEE-B77E73107BD8}
		{A02576BB-74F3-44DE-A79F-ED475431C05F} = {B5AAF9C8-EA03-45B9-BBEE-B77E73107BD8}
		{9CCF7787-9D98-4A7F-B7DA-08E805306FB3} = {E6EA72F1-AD16-4600-8C0C-D11B4B5C834B}
		{A8BD3F41-A5DF-4CBD-BF4B-CD5DC3CC430D} = {E6EA72F1-AD16-4600-8C0C-D11B4B5C834B}
		{C4AAEC55-BD60-4890-B899-1EBA55D06156} = {E6EA72F1-AD16-4600-8C0C-D11B4B5C834B}
		{614986A2-D7E8-4FAD-930C-B0E50258DA5E} = {BE2B593D-E863-4E25-9A69-116698C4E575}
		{A4EB5431-6E44-4314-9541-61057DFDD778} = {3D30E1D7-337D-45BE-802B-845B320356EE}
		{597892F9-CFDB-46C6-9153-A7C6D9B5E980} = {7C81E1B9-4BBF-4B26-AB24-65948B139B0B}
	EndGlobalSection
	GlobalSection(ExtensibilityGlobals) = postSolution
		SolutionGuid = {5D9C3FBC-7ABE-456A-B31D-C90F16E991C5}
	EndGlobalSection
EndGlobal
